
Microsoft Visual Studio Solution File, Format Version 12.00
# Visual Studio Version 17
VisualStudioVersion = 17.0.32002.185
MinimumVisualStudioVersion = 10.0.40219.1
Project("{FAE04EC0-301F-11D3-BF4B-00C04F79EFBC}") = "ServerCodeRest_20190140005_YasminaAzzahraArifin", "ServerCodeRest_20190140005_YasminaAzzahraArifin\ServerCodeRest_20190140005_YasminaAzzahraArifin.csproj", "{CAAB9568-EFB1-4F74-B5C0-F763C5DB92CB}"
EndProject
Global
	GlobalSection(SolutionConfigurationPlatforms) = preSolution
		Debug|Any CPU = Debug|Any CPU
		Release|Any CPU = Release|Any CPU
	EndGlobalSection
	GlobalSection(ProjectConfigurationPlatforms) = postSolution
		{CAAB9568-EFB1-4F74-B5C0-F763C5DB92CB}.Debug|Any CPU.ActiveCfg = Debug|Any CPU
		{CAAB9568-EFB1-4F74-B5C0-F763C5DB92CB}.Debug|Any CPU.Build.0 = Debug|Any CPU
		{CAAB9568-EFB1-4F74-B5C0-F763C5DB92CB}.Release|Any CPU.ActiveCfg = Release|Any CPU
		{CAAB9568-EFB1-4F74-B5C0-F763C5DB92CB}.Release|Any CPU.Build.0 = Release|Any CPU
	EndGlobalSection
	GlobalSection(SolutionProperties) = preSolution
		HideSolutionNode = FALSE
	EndGlobalSection
	GlobalSection(ExtensibilityGlobals) = postSolution
		SolutionGuid = {0BBC3707-42E9-413E-85AC-BEE0086A5735}
	EndGlobalSection
EndGlobal
